
Microsoft Visual Studio Solution File, Format Version 12.00
# Visual Studio Version 17
VisualStudioVersion = 17.5.33516.290
MinimumVisualStudioVersion = 10.0.40219.1
Project("{888888A0-9F3D-457C-B088-3A5042F75D52}") = "BackupScript", "BackupScript\BackupScript.pyproj", "{96919445-225F-485D-BC0F-13FF13BBAB31}"
EndProject
Global
	GlobalSection(SolutionConfigurationPlatforms) = preSolution
		Debug|Any CPU = Debug|Any CPU
		Release|Any CPU = Release|Any CPU
	EndGlobalSection
	GlobalSection(ProjectConfigurationPlatforms) = postSolution
		{96919445-225F-485D-BC0F-13FF13BBAB31}.Debug|Any CPU.ActiveCfg = Debug|Any CPU
		{96919445-225F-485D-BC0F-13FF13BBAB31}.Release|Any CPU.ActiveCfg = Release|Any CPU
	EndGlobalSection
	GlobalSection(SolutionProperties) = preSolution
		HideSolutionNode = FALSE
	EndGlobalSection
	GlobalSection(ExtensibilityGlobals) = postSolution
		SolutionGuid = {54B886E1-9F2C-4219-9FAD-84BF49399E91}
	EndGlobalSection
EndGlobal
